
Microsoft Visual Studio Solution File, Format Version 12.00
# Visual Studio Version 16
VisualStudioVersion = 16.0.30011.22
MinimumVisualStudioVersion = 10.0.40219.1
Project("{9A19103F-16F7-4668-BE54-9A1E7A4F7556}") = "WebApi", "WebApi\WebApi.csproj", "{25D48A64-7EF7-40D0-A8BB-1AC66BBD66E7}"
EndProject
Project("{2150E333-8FDC-42A3-9474-1A3956D46DE8}") = "0-Common", "0-Common", "{53382842-E911-45B3-AC4B-1CE5DF943837}"
EndProject
Project("{2150E333-8FDC-42A3-9474-1A3956D46DE8}") = "1-Services", "1-Services", "{9AEBFFDD-BA27-4146-B4E9-452628976D80}"
EndProject
Project("{2150E333-8FDC-42A3-9474-1A3956D46DE8}") = "2-App", "2-App", "{1A789BA6-4F71-4633-B45E-FAB445A593BA}"
EndProject
Project("{9A19103F-16F7-4668-BE54-9A1E7A4F7556}") = "WebAPI.DAL.Books", "WebApi.DAL.Books\WebAPI.DAL.Books.csproj", "{29ABED5F-4883-463C-98AF-EEEF35BE51B6}"
EndProject
Project("{9A19103F-16F7-4668-BE54-9A1E7A4F7556}") = "WebAPI.DAL.Users", "WebAPI.DAL.Users\WebAPI.DAL.Users.csproj", "{F562B4F5-8B21-487F-9876-569A65EAE534}"
EndProject
Project("{9A19103F-16F7-4668-BE54-9A1E7A4F7556}") = "WebAPI.Model", "WebAPI.Model\WebAPI.Model.csproj", "{C8609C59-9547-41B7-8214-0AD3FEF6B927}"
EndProject
Project("{9A19103F-16F7-4668-BE54-9A1E7A4F7556}") = "WebAPI.Security", "WebAPI.Security\WebAPI.Security.csproj", "{86186634-F67E-42B8-A884-4FA53C8DF954}"
EndProject
Project("{FAE04EC0-301F-11D3-BF4B-00C04F79EFBC}") = "WebApi.AuthProvider", "WebApi.AuthProvider\WebApi.AuthProvider.csproj", "{B5C67D24-F0E4-44C0-9595-CDA3DBF1D80D}"
EndProject
Project("{FAE04EC0-301F-11D3-BF4B-00C04F79EFBC}") = "WebApi.Api", "WebApi.Api\WebApi.Api.csproj", "{B30633D0-0A4B-4B41-9C83-F68BE1AC7142}"
EndProject
Global
	GlobalSection(SolutionConfigurationPlatforms) = preSolution
		Debug|Any CPU = Debug|Any CPU
		Release|Any CPU = Release|Any CPU
	EndGlobalSection
	GlobalSection(ProjectConfigurationPlatforms) = postSolution
		{25D48A64-7EF7-40D0-A8BB-1AC66BBD66E7}.Debug|Any CPU.ActiveCfg = Debug|Any CPU
		{25D48A64-7EF7-40D0-A8BB-1AC66BBD66E7}.Debug|Any CPU.Build.0 = Debug|Any CPU
		{25D48A64-7EF7-40D0-A8BB-1AC66BBD66E7}.Release|Any CPU.ActiveCfg = Release|Any CPU
		{25D48A64-7EF7-40D0-A8BB-1AC66BBD66E7}.Release|Any CPU.Build.0 = Release|Any CPU
		{29ABED5F-4883-463C-98AF-EEEF35BE51B6}.Debug|Any CPU.ActiveCfg = Debug|Any CPU
		{29ABED5F-4883-463C-98AF-EEEF35BE51B6}.Debug|Any CPU.Build.0 = Debug|Any CPU
		{29ABED5F-4883-463C-98AF-EEEF35BE51B6}.Release|Any CPU.ActiveCfg = Release|Any CPU
		{29ABED5F-4883-463C-98AF-EEEF35BE51B6}.Release|Any CPU.Build.0 = Release|Any CPU
		{F562B4F5-8B21-487F-9876-569A65EAE534}.Debug|Any CPU.ActiveCfg = Debug|Any CPU
		{F562B4F5-8B21-487F-9876-569A65EAE534}.Debug|Any CPU.Build.0 = Debug|Any CPU
		{F562B4F5-8B21-487F-9876-569A65EAE534}.Release|Any CPU.ActiveCfg = Release|Any CPU
		{F562B4F5-8B21-487F-9876-569A65EAE534}.Release|Any CPU.Build.0 = Release|Any CPU
		{C8609C59-9547-41B7-8214-0AD3FEF6B927}.Debug|Any CPU.ActiveCfg = Debug|Any CPU
		{C8609C59-9547-41B7-8214-0AD3FEF6B927}.Debug|Any CPU.Build.0 = Debug|Any CPU
		{C8609C59-9547-41B7-8214-0AD3FEF6B927}.Release|Any CPU.ActiveCfg = Release|Any CPU
		{C8609C59-9547-41B7-8214-0AD3FEF6B927}.Release|Any CPU.Build.0 = Release|Any CPU
		{86186634-F67E-42B8-A884-4FA53C8DF954}.Debug|Any CPU.ActiveCfg = Debug|Any CPU
		{86186634-F67E-42B8-A884-4FA53C8DF954}.Debug|Any CPU.Build.0 = Debug|Any CPU
		{86186634-F67E-42B8-A884-4FA53C8DF954}.Release|Any CPU.ActiveCfg = Release|Any CPU
		{86186634-F67E-42B8-A884-4FA53C8DF954}.Release|Any CPU.Build.0 = Release|Any CPU
		{B5C67D24-F0E4-44C0-9595-CDA3DBF1D80D}.Debug|Any CPU.ActiveCfg = Debug|Any CPU
		{B5C67D24-F0E4-44C0-9595-CDA3DBF1D80D}.Debug|Any CPU.Build.0 = Debug|Any CPU
		{B5C67D24-F0E4-44C0-9595-CDA3DBF1D80D}.Release|Any CPU.ActiveCfg = Release|Any CPU
		{B5C67D24-F0E4-44C0-9595-CDA3DBF1D80D}.Release|Any CPU.Build.0 = Release|Any CPU
		{B30633D0-0A4B-4B41-9C83-F68BE1AC7142}.Debug|Any CPU.ActiveCfg = Debug|Any CPU
		{B30633D0-0A4B-4B41-9C83-F68BE1AC7142}.Debug|Any CPU.Build.0 = Debug|Any CPU
		{B30633D0-0A4B-4B41-9C83-F68BE1AC7142}.Release|Any CPU.ActiveCfg = Release|Any CPU
		{B30633D0-0A4B-4B41-9C83-F68BE1AC7142}.Release|Any CPU.Build.0 = Release|Any CPU
	EndGlobalSection
	GlobalSection(SolutionProperties) = preSolution
		HideSolutionNode = FALSE
	EndGlobalSection
	GlobalSection(NestedProjects) = preSolution
		{25D48A64-7EF7-40D0-A8BB-1AC66BBD66E7} = {1A789BA6-4F71-4633-B45E-FAB445A593BA}
		{29ABED5F-4883-463C-98AF-EEEF35BE51B6} = {53382842-E911-45B3-AC4B-1CE5DF943837}
		{F562B4F5-8B21-487F-9876-569A65EAE534} = {53382842-E911-45B3-AC4B-1CE5DF943837}
		{C8609C59-9547-41B7-8214-0AD3FEF6B927} = {53382842-E911-45B3-AC4B-1CE5DF943837}
		{86186634-F67E-42B8-A884-4FA53C8DF954} = {53382842-E911-45B3-AC4B-1CE5DF943837}
		{B5C67D24-F0E4-44C0-9595-CDA3DBF1D80D} = {9AEBFFDD-BA27-4146-B4E9-452628976D80}
		{B30633D0-0A4B-4B41-9C83-F68BE1AC7142} = {9AEBFFDD-BA27-4146-B4E9-452628976D80}
	EndGlobalSection
	GlobalSection(ExtensibilityGlobals) = postSolution
		SolutionGuid = {82D9E398-C521-448E-A035-83CC8878664D}
	EndGlobalSection
EndGlobal
